
Microsoft Visual Studio Solution File, Format Version 10.00
# Visual Studio 2008
Project("{FAE04EC0-301F-11D3-BF4B-00C04F79EFBC}") = "Proverka", "Proverka.csproj", "{2DF0D583-6FFB-4B57-B163-B873F93E00FE}"
EndProject
Global
	GlobalSection(SolutionConfigurationPlatforms) = preSolution
		Debug|Any CPU = Debug|Any CPU
		Release|Any CPU = Release|Any CPU
	EndGlobalSection
	GlobalSection(ProjectConfigurationPlatforms) = postSolution
		{2DF0D583-6FFB-4B57-B163-B873F93E00FE}.Debug|Any CPU.ActiveCfg = Debug|Any CPU
		{2DF0D583-6FFB-4B57-B163-B873F93E00FE}.Debug|Any CPU.Build.0 = Debug|Any CPU
		{2DF0D583-6FFB-4B57-B163-B873F93E00FE}.Release|Any CPU.ActiveCfg = Release|Any CPU
		{2DF0D583-6FFB-4B57-B163-B873F93E00FE}.Release|Any CPU.Build.0 = Release|Any CPU
	EndGlobalSection
	GlobalSection(SolutionProperties) = preSolution
		HideSolutionNode = FALSE
	EndGlobalSection
EndGlobal
