
Microsoft Visual Studio Solution File, Format Version 12.00
# Visual Studio Version 16
VisualStudioVersion = 16.0.28803.352
MinimumVisualStudioVersion = 10.0.40219.1
Project("{FAE04EC0-301F-11D3-BF4B-00C04F79EFBC}") = "Lab6", "Lab6\Lab6.csproj", "{28DC9391-E6DD-4C2A-870C-11899B65A024}"
EndProject
Global
	GlobalSection(SolutionConfigurationPlatforms) = preSolution
		Debug|Any CPU = Debug|Any CPU
		Release|Any CPU = Release|Any CPU
	EndGlobalSection
	GlobalSection(ProjectConfigurationPlatforms) = postSolution
		{28DC9391-E6DD-4C2A-870C-11899B65A024}.Debug|Any CPU.ActiveCfg = Debug|Any CPU
		{28DC9391-E6DD-4C2A-870C-11899B65A024}.Debug|Any CPU.Build.0 = Debug|Any CPU
		{28DC9391-E6DD-4C2A-870C-11899B65A024}.Release|Any CPU.ActiveCfg = Release|Any CPU
		{28DC9391-E6DD-4C2A-870C-11899B65A024}.Release|Any CPU.Build.0 = Release|Any CPU
	EndGlobalSection
	GlobalSection(SolutionProperties) = preSolution
		HideSolutionNode = FALSE
	EndGlobalSection
	GlobalSection(ExtensibilityGlobals) = postSolution
		SolutionGuid = {B11F807B-8C6D-4906-A142-B399253F14D0}
	EndGlobalSection
EndGlobal
